// !$*UTF8*$!
{
	archiveVersion = 1;
	classes = {
	};
	objectVersion = 50;
	objects = {

/* Begin PBXBuildFile section */
		20649419A1B1EB4618957C4E /* libPods-TodayHotRecruitTests.a in Frameworks */ = {isa = PBXBuildFile; fileRef = 051FA7742CC32BA115E9CDF3 /* libPods-TodayHotRecruitTests.a */; };
		894378ED4BA77D049536BC48 /* libPods-TodayHotRecruit.a in Frameworks */ = {isa = PBXBuildFile; fileRef = E60F9CE571E131D695D4966F /* libPods-TodayHotRecruit.a */; };
		F2C13BDE1646393BCCCB6C1D /* libPods-TodayHotRecruitUITests.a in Frameworks */ = {isa = PBXBuildFile; fileRef = BD05244E44A81991328D572A /* libPods-TodayHotRecruitUITests.a */; };
		F7599FCF212D69A500A98074 /* AppDelegate.m in Sources */ = {isa = PBXBuildFile; fileRef = F7599FCE212D69A500A98074 /* AppDelegate.m */; };
		F7599FD5212D69A500A98074 /* Main.storyboard in Resources */ = {isa = PBXBuildFile; fileRef = F7599FD3212D69A500A98074 /* Main.storyboard */; };
		F7599FD7212D69A700A98074 /* Assets.xcassets in Resources */ = {isa = PBXBuildFile; fileRef = F7599FD6212D69A700A98074 /* Assets.xcassets */; };
		F7599FDA212D69A700A98074 /* LaunchScreen.storyboard in Resources */ = {isa = PBXBuildFile; fileRef = F7599FD8212D69A700A98074 /* LaunchScreen.storyboard */; };
		F7599FDD212D69A700A98074 /* main.m in Sources */ = {isa = PBXBuildFile; fileRef = F7599FDC212D69A700A98074 /* main.m */; };
		F7599FE7212D69A700A98074 /* TodayHotRecruitTests.m in Sources */ = {isa = PBXBuildFile; fileRef = F7599FE6212D69A700A98074 /* TodayHotRecruitTests.m */; };
		F7599FF2212D69A700A98074 /* TodayHotRecruitUITests.m in Sources */ = {isa = PBXBuildFile; fileRef = F7599FF1212D69A700A98074 /* TodayHotRecruitUITests.m */; };
		F759A00C212D873E00A98074 /* AppTabBarController.m in Sources */ = {isa = PBXBuildFile; fileRef = F759A00B212D873E00A98074 /* AppTabBarController.m */; };
		F759A011212D922700A98074 /* UIView+zFoundation.m in Sources */ = {isa = PBXBuildFile; fileRef = F759A010212D922700A98074 /* UIView+zFoundation.m */; };
		F759A014212D955900A98074 /* BaseNavigationController.m in Sources */ = {isa = PBXBuildFile; fileRef = F759A013212D955900A98074 /* BaseNavigationController.m */; };
		F79A7F8E212F96C7002E73E0 /* BaseNavigationBar.m in Sources */ = {isa = PBXBuildFile; fileRef = F79A7F8D212F96C7002E73E0 /* BaseNavigationBar.m */; };
		F79A7F91212FA889002E73E0 /* BaseViewController.m in Sources */ = {isa = PBXBuildFile; fileRef = F79A7F90212FA889002E73E0 /* BaseViewController.m */; };
		F79A7F94212FE22E002E73E0 /* BaseTableView.m in Sources */ = {isa = PBXBuildFile; fileRef = F79A7F93212FE22D002E73E0 /* BaseTableView.m */; };
/* End PBXBuildFile section */

/* Begin PBXContainerItemProxy section */
		F7599FE3212D69A700A98074 /* PBXContainerItemProxy */ = {
			isa = PBXContainerItemProxy;
			containerPortal = F7599FC2212D69A500A98074 /* Project object */;
			proxyType = 1;
			remoteGlobalIDString = F7599FC9212D69A500A98074;
			remoteInfo = TodayHotRecruit;
		};
		F7599FEE212D69A700A98074 /* PBXContainerItemProxy */ = {
			isa = PBXContainerItemProxy;
			containerPortal = F7599FC2212D69A500A98074 /* Project object */;
			proxyType = 1;
			remoteGlobalIDString = F7599FC9212D69A500A98074;
			remoteInfo = TodayHotRecruit;
		};
/* End PBXContainerItemProxy section */

/* Begin PBXFileReference section */
		051FA7742CC32BA115E9CDF3 /* libPods-TodayHotRecruitTests.a */ = {isa = PBXFileReference; explicitFileType = archive.ar; includeInIndex = 0; path = "libPods-TodayHotRecruitTests.a"; sourceTree = BUILT_PRODUCTS_DIR; };
		082DF9C62D69260888F1C6BD /* Pods-TodayHotRecruit.release.xcconfig */ = {isa = PBXFileReference; includeInIndex = 1; lastKnownFileType = text.xcconfig; name = "Pods-TodayHotRecruit.release.xcconfig"; path = "Pods/Target Support Files/Pods-TodayHotRecruit/Pods-TodayHotRecruit.release.xcconfig"; sourceTree = "<group>"; };
		BD05244E44A81991328D572A /* libPods-TodayHotRecruitUITests.a */ = {isa = PBXFileReference; explicitFileType = archive.ar; includeInIndex = 0; path = "libPods-TodayHotRecruitUITests.a"; sourceTree = BUILT_PRODUCTS_DIR; };
		D7B9A2DAF8FDFCE4B82C0241 /* Pods-TodayHotRecruitUITests.debug.xcconfig */ = {isa = PBXFileReference; includeInIndex = 1; lastKnownFileType = text.xcconfig; name = "Pods-TodayHotRecruitUITests.debug.xcconfig"; path = "Pods/Target Support Files/Pods-TodayHotRecruitUITests/Pods-TodayHotRecruitUITests.debug.xcconfig"; sourceTree = "<group>"; };
		DB8A18A450CDAC1214EEEDCA /* Pods-TodayHotRecruit.debug.xcconfig */ = {isa = PBXFileReference; includeInIndex = 1; lastKnownFileType = text.xcconfig; name = "Pods-TodayHotRecruit.debug.xcconfig"; path = "Pods/Target Support Files/Pods-TodayHotRecruit/Pods-TodayHotRecruit.debug.xcconfig"; sourceTree = "<group>"; };
		E60F9CE571E131D695D4966F /* libPods-TodayHotRecruit.a */ = {isa = PBXFileReference; explicitFileType = archive.ar; includeInIndex = 0; path = "libPods-TodayHotRecruit.a"; sourceTree = BUILT_PRODUCTS_DIR; };
		E7E5250E2B27252AD032A0E6 /* Pods-TodayHotRecruitTests.debug.xcconfig */ = {isa = PBXFileReference; includeInIndex = 1; lastKnownFileType = text.xcconfig; name = "Pods-TodayHotRecruitTests.debug.xcconfig"; path = "Pods/Target Support Files/Pods-TodayHotRecruitTests/Pods-TodayHotRecruitTests.debug.xcconfig"; sourceTree = "<group>"; };
		E892E221385A515C8BA906DF /* Pods-TodayHotRecruitTests.release.xcconfig */ = {isa = PBXFileReference; includeInIndex = 1; lastKnownFileType = text.xcconfig; name = "Pods-TodayHotRecruitTests.release.xcconfig"; path = "Pods/Target Support Files/Pods-TodayHotRecruitTests/Pods-TodayHotRecruitTests.release.xcconfig"; sourceTree = "<group>"; };
		F7599FCA212D69A500A98074 /* TodayHotRecruit.app */ = {isa = PBXFileReference; explicitFileType = wrapper.application; includeInIndex = 0; path = TodayHotRecruit.app; sourceTree = BUILT_PRODUCTS_DIR; };
		F7599FCD212D69A500A98074 /* AppDelegate.h */ = {isa = PBXFileReference; lastKnownFileType = sourcecode.c.h; path = AppDelegate.h; sourceTree = "<group>"; };
		F7599FCE212D69A500A98074 /* AppDelegate.m */ = {isa = PBXFileReference; lastKnownFileType = sourcecode.c.objc; path = AppDelegate.m; sourceTree = "<group>"; };
		F7599FD4212D69A500A98074 /* Base */ = {isa = PBXFileReference; lastKnownFileType = file.storyboard; name = Base; path = Base.lproj/Main.storyboard; sourceTree = "<group>"; };
		F7599FD6212D69A700A98074 /* Assets.xcassets */ = {isa = PBXFileReference; lastKnownFileType = folder.assetcatalog; path = Assets.xcassets; sourceTree = "<group>"; };
		F7599FD9212D69A700A98074 /* Base */ = {isa = PBXFileReference; lastKnownFileType = file.storyboard; name = Base; path = Base.lproj/LaunchScreen.storyboard; sourceTree = "<group>"; };
		F7599FDB212D69A700A98074 /* Info.plist */ = {isa = PBXFileReference; lastKnownFileType = text.plist.xml; path = Info.plist; sourceTree = "<group>"; };
		F7599FDC212D69A700A98074 /* main.m */ = {isa = PBXFileReference; lastKnownFileType = sourcecode.c.objc; path = main.m; sourceTree = "<group>"; };
		F7599FE2212D69A700A98074 /* TodayHotRecruitTests.xctest */ = {isa = PBXFileReference; explicitFileType = wrapper.cfbundle; includeInIndex = 0; path = TodayHotRecruitTests.xctest; sourceTree = BUILT_PRODUCTS_DIR; };
		F7599FE6212D69A700A98074 /* TodayHotRecruitTests.m */ = {isa = PBXFileReference; lastKnownFileType = sourcecode.c.objc; path = TodayHotRecruitTests.m; sourceTree = "<group>"; };
		F7599FE8212D69A700A98074 /* Info.plist */ = {isa = PBXFileReference; lastKnownFileType = text.plist.xml; path = Info.plist; sourceTree = "<group>"; };
		F7599FED212D69A700A98074 /* TodayHotRecruitUITests.xctest */ = {isa = PBXFileReference; explicitFileType = wrapper.cfbundle; includeInIndex = 0; path = TodayHotRecruitUITests.xctest; sourceTree = BUILT_PRODUCTS_DIR; };
		F7599FF1212D69A700A98074 /* TodayHotRecruitUITests.m */ = {isa = PBXFileReference; lastKnownFileType = sourcecode.c.objc; path = TodayHotRecruitUITests.m; sourceTree = "<group>"; };
		F7599FF3212D69A700A98074 /* Info.plist */ = {isa = PBXFileReference; lastKnownFileType = text.plist.xml; path = Info.plist; sourceTree = "<group>"; };
		F759A001212D7B0000A98074 /* THRPrefixHeader.pch */ = {isa = PBXFileReference; lastKnownFileType = sourcecode.c.h; path = THRPrefixHeader.pch; sourceTree = "<group>"; };
		F759A00A212D873E00A98074 /* AppTabBarController.h */ = {isa = PBXFileReference; lastKnownFileType = sourcecode.c.h; path = AppTabBarController.h; sourceTree = "<group>"; };
		F759A00B212D873E00A98074 /* AppTabBarController.m */ = {isa = PBXFileReference; lastKnownFileType = sourcecode.c.objc; path = AppTabBarController.m; sourceTree = "<group>"; };
		F759A00E212D8A4600A98074 /* Constant.h */ = {isa = PBXFileReference; lastKnownFileType = sourcecode.c.h; path = Constant.h; sourceTree = "<group>"; };
		F759A00F212D922700A98074 /* UIView+zFoundation.h */ = {isa = PBXFileReference; lastKnownFileType = sourcecode.c.h; path = "UIView+zFoundation.h"; sourceTree = "<group>"; };
		F759A010212D922700A98074 /* UIView+zFoundation.m */ = {isa = PBXFileReference; lastKnownFileType = sourcecode.c.objc; path = "UIView+zFoundation.m"; sourceTree = "<group>"; };
		F759A012212D955900A98074 /* BaseNavigationController.h */ = {isa = PBXFileReference; lastKnownFileType = sourcecode.c.h; path = BaseNavigationController.h; sourceTree = "<group>"; };
		F759A013212D955900A98074 /* BaseNavigationController.m */ = {isa = PBXFileReference; lastKnownFileType = sourcecode.c.objc; path = BaseNavigationController.m; sourceTree = "<group>"; };
		F79A7F8C212F96C7002E73E0 /* BaseNavigationBar.h */ = {isa = PBXFileReference; lastKnownFileType = sourcecode.c.h; path = BaseNavigationBar.h; sourceTree = "<group>"; };
		F79A7F8D212F96C7002E73E0 /* BaseNavigationBar.m */ = {isa = PBXFileReference; lastKnownFileType = sourcecode.c.objc; path = BaseNavigationBar.m; sourceTree = "<group>"; };
		F79A7F8F212FA889002E73E0 /* BaseViewController.h */ = {isa = PBXFileReference; lastKnownFileType = sourcecode.c.h; path = BaseViewController.h; sourceTree = "<group>"; };
		F79A7F90212FA889002E73E0 /* BaseViewController.m */ = {isa = PBXFileReference; lastKnownFileType = sourcecode.c.objc; path = BaseViewController.m; sourceTree = "<group>"; };
		F79A7F92212FE22D002E73E0 /* BaseTableView.h */ = {isa = PBXFileReference; lastKnownFileType = sourcecode.c.h; path = BaseTableView.h; sourceTree = "<group>"; };
		F79A7F93212FE22D002E73E0 /* BaseTableView.m */ = {isa = PBXFileReference; lastKnownFileType = sourcecode.c.objc; path = BaseTableView.m; sourceTree = "<group>"; };
		FD21E05FCD6AD835CB4C1994 /* Pods-TodayHotRecruitUITests.release.xcconfig */ = {isa = PBXFileReference; includeInIndex = 1; lastKnownFileType = text.xcconfig; name = "Pods-TodayHotRecruitUITests.release.xcconfig"; path = "Pods/Target Support Files/Pods-TodayHotRecruitUITests/Pods-TodayHotRecruitUITests.release.xcconfig"; sourceTree = "<group>"; };
/* End PBXFileReference section */

/* Begin PBXFrameworksBuildPhase section */
		F7599FC7212D69A500A98074 /* Frameworks */ = {
			isa = PBXFrameworksBuildPhase;
			buildActionMask = 2147483647;
			files = (
				894378ED4BA77D049536BC48 /* libPods-TodayHotRecruit.a in Frameworks */,
			);
			runOnlyForDeploymentPostprocessing = 0;
		};
		F7599FDF212D69A700A98074 /* Frameworks */ = {
			isa = PBXFrameworksBuildPhase;
			buildActionMask = 2147483647;
			files = (
				20649419A1B1EB4618957C4E /* libPods-TodayHotRecruitTests.a in Frameworks */,
			);
			runOnlyForDeploymentPostprocessing = 0;
		};
		F7599FEA212D69A700A98074 /* Frameworks */ = {
			isa = PBXFrameworksBuildPhase;
			buildActionMask = 2147483647;
			files = (
				F2C13BDE1646393BCCCB6C1D /* libPods-TodayHotRecruitUITests.a in Frameworks */,
			);
			runOnlyForDeploymentPostprocessing = 0;
		};
/* End PBXFrameworksBuildPhase section */

/* Begin PBXGroup section */
		5B660D21E1E8490027645325 /* Pods */ = {
			isa = PBXGroup;
			children = (
				DB8A18A450CDAC1214EEEDCA /* Pods-TodayHotRecruit.debug.xcconfig */,
				082DF9C62D69260888F1C6BD /* Pods-TodayHotRecruit.release.xcconfig */,
				E7E5250E2B27252AD032A0E6 /* Pods-TodayHotRecruitTests.debug.xcconfig */,
				E892E221385A515C8BA906DF /* Pods-TodayHotRecruitTests.release.xcconfig */,
				D7B9A2DAF8FDFCE4B82C0241 /* Pods-TodayHotRecruitUITests.debug.xcconfig */,
				FD21E05FCD6AD835CB4C1994 /* Pods-TodayHotRecruitUITests.release.xcconfig */,
			);
			name = Pods;
			sourceTree = "<group>";
		};
		A67A6EF2B168A8D73C2B4BBA /* Frameworks */ = {
			isa = PBXGroup;
			children = (
				E60F9CE571E131D695D4966F /* libPods-TodayHotRecruit.a */,
				051FA7742CC32BA115E9CDF3 /* libPods-TodayHotRecruitTests.a */,
				BD05244E44A81991328D572A /* libPods-TodayHotRecruitUITests.a */,
			);
			name = Frameworks;
			sourceTree = "<group>";
		};
		F7599FC1212D69A500A98074 = {
			isa = PBXGroup;
			children = (
				F7599FCC212D69A500A98074 /* TodayHotRecruit */,
				F7599FE5212D69A700A98074 /* TodayHotRecruitTests */,
				F7599FF0212D69A700A98074 /* TodayHotRecruitUITests */,
				F7599FCB212D69A500A98074 /* Products */,
				5B660D21E1E8490027645325 /* Pods */,
				A67A6EF2B168A8D73C2B4BBA /* Frameworks */,
			);
			sourceTree = "<group>";
		};
		F7599FCB212D69A500A98074 /* Products */ = {
			isa = PBXGroup;
			children = (
				F7599FCA212D69A500A98074 /* TodayHotRecruit.app */,
				F7599FE2212D69A700A98074 /* TodayHotRecruitTests.xctest */,
				F7599FED212D69A700A98074 /* TodayHotRecruitUITests.xctest */,
			);
			name = Products;
			sourceTree = "<group>";
		};
		F7599FCC212D69A500A98074 /* TodayHotRecruit */ = {
			isa = PBXGroup;
			children = (
				F759A004212D7EB400A98074 /* BusinessLine */,
				F7599FFF212D6AA400A98074 /* PrivateFoundation */,
				F759A002212D7E1500A98074 /* AppDelegate */,
				F759A003212D7E5E00A98074 /* SupportingFiles */,
			);
			path = TodayHotRecruit;
			sourceTree = "<group>";
		};
		F7599FE5212D69A700A98074 /* TodayHotRecruitTests */ = {
			isa = PBXGroup;
			children = (
				F7599FE6212D69A700A98074 /* TodayHotRecruitTests.m */,
				F7599FE8212D69A700A98074 /* Info.plist */,
			);
			path = TodayHotRecruitTests;
			sourceTree = "<group>";
		};
		F7599FF0212D69A700A98074 /* TodayHotRecruitUITests */ = {
			isa = PBXGroup;
			children = (
				F7599FF1212D69A700A98074 /* TodayHotRecruitUITests.m */,
				F7599FF3212D69A700A98074 /* Info.plist */,
			);
			path = TodayHotRecruitUITests;
			sourceTree = "<group>";
		};
		F7599FFF212D6AA400A98074 /* PrivateFoundation */ = {
			isa = PBXGroup;
			children = (
				F79A7F8B212F9691002E73E0 /* BaseView */,
				F759A001212D7B0000A98074 /* THRPrefixHeader.pch */,
				F759A00E212D8A4600A98074 /* Constant.h */,
			);
			path = PrivateFoundation;
			sourceTree = "<group>";
		};
		F759A002212D7E1500A98074 /* AppDelegate */ = {
			isa = PBXGroup;
			children = (
				F7599FCD212D69A500A98074 /* AppDelegate.h */,
				F7599FCE212D69A500A98074 /* AppDelegate.m */,
			);
			path = AppDelegate;
			sourceTree = "<group>";
		};
		F759A003212D7E5E00A98074 /* SupportingFiles */ = {
			isa = PBXGroup;
			children = (
				F7599FD3212D69A500A98074 /* Main.storyboard */,
				F7599FD6212D69A700A98074 /* Assets.xcassets */,
				F7599FD8212D69A700A98074 /* LaunchScreen.storyboard */,
				F7599FDB212D69A700A98074 /* Info.plist */,
				F7599FDC212D69A700A98074 /* main.m */,
			);
			path = SupportingFiles;
			sourceTree = "<group>";
		};
		F759A004212D7EB400A98074 /* BusinessLine */ = {
			isa = PBXGroup;
			children = (
				F759A006212D81DB00A98074 /* THRHomepage */,
				F759A007212D81F800A98074 /* THRMessage */,
				F759A009212D823D00A98074 /* THRBBS */,
				F759A008212D822500A98074 /* THRUserCenter */,
				F759A005212D809F00A98074 /* BaseComponets */,
			);
			path = BusinessLine;
			sourceTree = "<group>";
		};
		F759A005212D809F00A98074 /* BaseComponets */ = {
			isa = PBXGroup;
			children = (
				F759A00A212D873E00A98074 /* AppTabBarController.h */,
				F759A00B212D873E00A98074 /* AppTabBarController.m */,
			);
			path = BaseComponets;
			sourceTree = "<group>";
		};
		F759A006212D81DB00A98074 /* THRHomepage */ = {
			isa = PBXGroup;
			children = (
			);
			path = THRHomepage;
			sourceTree = "<group>";
		};
		F759A007212D81F800A98074 /* THRMessage */ = {
			isa = PBXGroup;
			children = (
			);
			path = THRMessage;
			sourceTree = "<group>";
		};
		F759A008212D822500A98074 /* THRUserCenter */ = {
			isa = PBXGroup;
			children = (
			);
			path = THRUserCenter;
			sourceTree = "<group>";
		};
		F759A009212D823D00A98074 /* THRBBS */ = {
			isa = PBXGroup;
			children = (
			);
			path = THRBBS;
			sourceTree = "<group>";
		};
		F79A7F8B212F9691002E73E0 /* BaseView */ = {
			isa = PBXGroup;
			children = (
				F759A00F212D922700A98074 /* UIView+zFoundation.h */,
				F759A010212D922700A98074 /* UIView+zFoundation.m */,
				F759A012212D955900A98074 /* BaseNavigationController.h */,
				F759A013212D955900A98074 /* BaseNavigationController.m */,
				F79A7F8C212F96C7002E73E0 /* BaseNavigationBar.h */,
				F79A7F8D212F96C7002E73E0 /* BaseNavigationBar.m */,
				F79A7F8F212FA889002E73E0 /* BaseViewController.h */,
				F79A7F90212FA889002E73E0 /* BaseViewController.m */,
				F79A7F92212FE22D002E73E0 /* BaseTableView.h */,
				F79A7F93212FE22D002E73E0 /* BaseTableView.m */,
			);
			path = BaseView;
			sourceTree = "<group>";
		};
/* End PBXGroup section */

/* Begin PBXNativeTarget section */
		F7599FC9212D69A500A98074 /* TodayHotRecruit */ = {
			isa = PBXNativeTarget;
			buildConfigurationList = F7599FF6212D69A700A98074 /* Build configuration list for PBXNativeTarget "TodayHotRecruit" */;
			buildPhases = (
				6C0B78640D29375E568F4EE7 /* 📦 Check Pods Manifest.lock */,
				F7599FC6212D69A500A98074 /* Sources */,
				F7599FC7212D69A500A98074 /* Frameworks */,
				F7599FC8212D69A500A98074 /* Resources */,
				12718A547BC7971C4FE02EA4 /* 📦 Embed Pods Frameworks */,
				48D56F374B36FD36DE8C7E98 /* 📦 Copy Pods Resources */,
			);
			buildRules = (
			);
			dependencies = (
			);
			name = TodayHotRecruit;
			productName = TodayHotRecruit;
			productReference = F7599FCA212D69A500A98074 /* TodayHotRecruit.app */;
			productType = "com.apple.product-type.application";
		};
		F7599FE1212D69A700A98074 /* TodayHotRecruitTests */ = {
			isa = PBXNativeTarget;
			buildConfigurationList = F7599FF9212D69A700A98074 /* Build configuration list for PBXNativeTarget "TodayHotRecruitTests" */;
			buildPhases = (
				2B0D0F4F80D124023DAF7EF1 /* 📦 Check Pods Manifest.lock */,
				F7599FDE212D69A700A98074 /* Sources */,
				F7599FDF212D69A700A98074 /* Frameworks */,
				F7599FE0212D69A700A98074 /* Resources */,
				C0B9F688DAD680FEDE75CE43 /* 📦 Embed Pods Frameworks */,
				9730626F05793A97C16685D8 /* 📦 Copy Pods Resources */,
			);
			buildRules = (
			);
			dependencies = (
				F7599FE4212D69A700A98074 /* PBXTargetDependency */,
			);
			name = TodayHotRecruitTests;
			productName = TodayHotRecruitTests;
			productReference = F7599FE2212D69A700A98074 /* TodayHotRecruitTests.xctest */;
			productType = "com.apple.product-type.bundle.unit-test";
		};
		F7599FEC212D69A700A98074 /* TodayHotRecruitUITests */ = {
			isa = PBXNativeTarget;
			buildConfigurationList = F7599FFC212D69A700A98074 /* Build configuration list for PBXNativeTarget "TodayHotRecruitUITests" */;
			buildPhases = (
				AFBD5D2FEBA8EDBB300C7873 /* 📦 Check Pods Manifest.lock */,
				F7599FE9212D69A700A98074 /* Sources */,
				F7599FEA212D69A700A98074 /* Frameworks */,
				F7599FEB212D69A700A98074 /* Resources */,
				68D6E46CD05117394D160F45 /* 📦 Copy Pods Resources */,
			);
			buildRules = (
			);
			dependencies = (
				F7599FEF212D69A700A98074 /* PBXTargetDependency */,
			);
			name = TodayHotRecruitUITests;
			productName = TodayHotRecruitUITests;
			productReference = F7599FED212D69A700A98074 /* TodayHotRecruitUITests.xctest */;
			productType = "com.apple.product-type.bundle.ui-testing";
		};
/* End PBXNativeTarget section */

/* Begin PBXProject section */
		F7599FC2212D69A500A98074 /* Project object */ = {
			isa = PBXProject;
			attributes = {
				LastUpgradeCheck = 0930;
				ORGANIZATIONNAME = sn_zjs;
				TargetAttributes = {
					F7599FC9212D69A500A98074 = {
						CreatedOnToolsVersion = 9.3;
					};
					F7599FE1212D69A700A98074 = {
						CreatedOnToolsVersion = 9.3;
						TestTargetID = F7599FC9212D69A500A98074;
					};
					F7599FEC212D69A700A98074 = {
						CreatedOnToolsVersion = 9.3;
						TestTargetID = F7599FC9212D69A500A98074;
					};
				};
			};
			buildConfigurationList = F7599FC5212D69A500A98074 /* Build configuration list for PBXProject "TodayHotRecruit" */;
			compatibilityVersion = "Xcode 9.3";
			developmentRegion = en;
			hasScannedForEncodings = 0;
			knownRegions = (
				en,
				Base,
			);
			mainGroup = F7599FC1212D69A500A98074;
			productRefGroup = F7599FCB212D69A500A98074 /* Products */;
			projectDirPath = "";
			projectRoot = "";
			targets = (
				F7599FC9212D69A500A98074 /* TodayHotRecruit */,
				F7599FE1212D69A700A98074 /* TodayHotRecruitTests */,
				F7599FEC212D69A700A98074 /* TodayHotRecruitUITests */,
			);
		};
/* End PBXProject section */

/* Begin PBXResourcesBuildPhase section */
		F7599FC8212D69A500A98074 /* Resources */ = {
			isa = PBXResourcesBuildPhase;
			buildActionMask = 2147483647;
			files = (
				F7599FDA212D69A700A98074 /* LaunchScreen.storyboard in Resources */,
				F7599FD7212D69A700A98074 /* Assets.xcassets in Resources */,
				F7599FD5212D69A500A98074 /* Main.storyboard in Resources */,
			);
			runOnlyForDeploymentPostprocessing = 0;
		};
		F7599FE0212D69A700A98074 /* Resources */ = {
			isa = PBXResourcesBuildPhase;
			buildActionMask = 2147483647;
			files = (
			);
			runOnlyForDeploymentPostprocessing = 0;
		};
		F7599FEB212D69A700A98074 /* Resources */ = {
			isa = PBXResourcesBuildPhase;
			buildActionMask = 2147483647;
			files = (
			);
			runOnlyForDeploymentPostprocessing = 0;
		};
/* End PBXResourcesBuildPhase section */

/* Begin PBXShellScriptBuildPhase section */
		12718A547BC7971C4FE02EA4 /* 📦 Embed Pods Frameworks */ = {
			isa = PBXShellScriptBuildPhase;
			buildActionMask = 2147483647;
			files = (
			);
			inputPaths = (
			);
			name = "📦 Embed Pods Frameworks";
			outputPaths = (
			);
			runOnlyForDeploymentPostprocessing = 0;
			shellPath = /bin/sh;
			shellScript = "\"${SRCROOT}/Pods/Target Support Files/Pods-TodayHotRecruit/Pods-TodayHotRecruit-frameworks.sh\"\n";
			showEnvVarsInLog = 0;
		};
		2B0D0F4F80D124023DAF7EF1 /* 📦 Check Pods Manifest.lock */ = {
			isa = PBXShellScriptBuildPhase;
			buildActionMask = 2147483647;
			files = (
			);
			inputPaths = (
			);
			name = "📦 Check Pods Manifest.lock";
			outputPaths = (
			);
			runOnlyForDeploymentPostprocessing = 0;
			shellPath = /bin/sh;
			shellScript = "diff \"${PODS_ROOT}/../Podfile.lock\" \"${PODS_ROOT}/Manifest.lock\" > /dev/null\nif [[ $? != 0 ]] ; then\n    cat << EOM\nerror: The sandbox is not in sync with the Podfile.lock. Run 'pod install' or update your CocoaPods installation.\nEOM\n    exit 1\nfi\n";
			showEnvVarsInLog = 0;
		};
		48D56F374B36FD36DE8C7E98 /* 📦 Copy Pods Resources */ = {
			isa = PBXShellScriptBuildPhase;
			buildActionMask = 2147483647;
			files = (
			);
			inputPaths = (
			);
			name = "📦 Copy Pods Resources";
			outputPaths = (
			);
			runOnlyForDeploymentPostprocessing = 0;
			shellPath = /bin/sh;
			shellScript = "\"${SRCROOT}/Pods/Target Support Files/Pods-TodayHotRecruit/Pods-TodayHotRecruit-resources.sh\"\n";
			showEnvVarsInLog = 0;
		};
		68D6E46CD05117394D160F45 /* 📦 Copy Pods Resources */ = {
			isa = PBXShellScriptBuildPhase;
			buildActionMask = 2147483647;
			files = (
			);
			inputPaths = (
			);
			name = "📦 Copy Pods Resources";
			outputPaths = (
			);
			runOnlyForDeploymentPostprocessing = 0;
			shellPath = /bin/sh;
			shellScript = "\"${SRCROOT}/Pods/Target Support Files/Pods-TodayHotRecruitUITests/Pods-TodayHotRecruitUITests-resources.sh\"\n";
			showEnvVarsInLog = 0;
		};
		6C0B78640D29375E568F4EE7 /* 📦 Check Pods Manifest.lock */ = {
			isa = PBXShellScriptBuildPhase;
			buildActionMask = 2147483647;
			files = (
			);
			inputPaths = (
			);
			name = "📦 Check Pods Manifest.lock";
			outputPaths = (
			);
			runOnlyForDeploymentPostprocessing = 0;
			shellPath = /bin/sh;
			shellScript = "diff \"${PODS_ROOT}/../Podfile.lock\" \"${PODS_ROOT}/Manifest.lock\" > /dev/null\nif [[ $? != 0 ]] ; then\n    cat << EOM\nerror: The sandbox is not in sync with the Podfile.lock. Run 'pod install' or update your CocoaPods installation.\nEOM\n    exit 1\nfi\n";
			showEnvVarsInLog = 0;
		};
		9730626F05793A97C16685D8 /* 📦 Copy Pods Resources */ = {
			isa = PBXShellScriptBuildPhase;
			buildActionMask = 2147483647;
			files = (
			);
			inputPaths = (
			);
			name = "📦 Copy Pods Resources";
			outputPaths = (
			);
			runOnlyForDeploymentPostprocessing = 0;
			shellPath = /bin/sh;
			shellScript = "\"${SRCROOT}/Pods/Target Support Files/Pods-TodayHotRecruitTests/Pods-TodayHotRecruitTests-resources.sh\"\n";
			showEnvVarsInLog = 0;
		};
		AFBD5D2FEBA8EDBB300C7873 /* 📦 Check Pods Manifest.lock */ = {
			isa = PBXShellScriptBuildPhase;
			buildActionMask = 2147483647;
			files = (
			);
			inputPaths = (
			);
			name = "📦 Check Pods Manifest.lock";
			outputPaths = (
			);
			runOnlyForDeploymentPostprocessing = 0;
			shellPath = /bin/sh;
			shellScript = "diff \"${PODS_ROOT}/../Podfile.lock\" \"${PODS_ROOT}/Manifest.lock\" > /dev/null\nif [[ $? != 0 ]] ; then\n    cat << EOM\nerror: The sandbox is not in sync with the Podfile.lock. Run 'pod install' or update your CocoaPods installation.\nEOM\n    exit 1\nfi\n";
			showEnvVarsInLog = 0;
		};
		C0B9F688DAD680FEDE75CE43 /* 📦 Embed Pods Frameworks */ = {
			isa = PBXShellScriptBuildPhase;
			buildActionMask = 2147483647;
			files = (
			);
			inputPaths = (
			);
			name = "📦 Embed Pods Frameworks";
			outputPaths = (
			);
			runOnlyForDeploymentPostprocessing = 0;
			shellPath = /bin/sh;
			shellScript = "\"${SRCROOT}/Pods/Target Support Files/Pods-TodayHotRecruitTests/Pods-TodayHotRecruitTests-frameworks.sh\"\n";
			showEnvVarsInLog = 0;
		};
/* End PBXShellScriptBuildPhase section */

/* Begin PBXSourcesBuildPhase section */
		F7599FC6212D69A500A98074 /* Sources */ = {
			isa = PBXSourcesBuildPhase;
			buildActionMask = 2147483647;
			files = (
				F79A7F94212FE22E002E73E0 /* BaseTableView.m in Sources */,
				F7599FDD212D69A700A98074 /* main.m in Sources */,
				F759A011212D922700A98074 /* UIView+zFoundation.m in Sources */,
				F7599FCF212D69A500A98074 /* AppDelegate.m in Sources */,
				F759A00C212D873E00A98074 /* AppTabBarController.m in Sources */,
				F79A7F8E212F96C7002E73E0 /* BaseNavigationBar.m in Sources */,
				F79A7F91212FA889002E73E0 /* BaseViewController.m in Sources */,
				F759A014212D955900A98074 /* BaseNavigationController.m in Sources */,
			);
			runOnlyForDeploymentPostprocessing = 0;
		};
		F7599FDE212D69A700A98074 /* Sources */ = {
			isa = PBXSourcesBuildPhase;
			buildActionMask = 2147483647;
			files = (
				F7599FE7212D69A700A98074 /* TodayHotRecruitTests.m in Sources */,
			);
			runOnlyForDeploymentPostprocessing = 0;
		};
		F7599FE9212D69A700A98074 /* Sources */ = {
			isa = PBXSourcesBuildPhase;
			buildActionMask = 2147483647;
			files = (
				F7599FF2212D69A700A98074 /* TodayHotRecruitUITests.m in Sources */,
			);
			runOnlyForDeploymentPostprocessing = 0;
		};
/* End PBXSourcesBuildPhase section */

/* Begin PBXTargetDependency section */
		F7599FE4212D69A700A98074 /* PBXTargetDependency */ = {
			isa = PBXTargetDependency;
			target = F7599FC9212D69A500A98074 /* TodayHotRecruit */;
			targetProxy = F7599FE3212D69A700A98074 /* PBXContainerItemProxy */;
		};
		F7599FEF212D69A700A98074 /* PBXTargetDependency */ = {
			isa = PBXTargetDependency;
			target = F7599FC9212D69A500A98074 /* TodayHotRecruit */;
			targetProxy = F7599FEE212D69A700A98074 /* PBXContainerItemProxy */;
		};
/* End PBXTargetDependency section */

/* Begin PBXVariantGroup section */
		F7599FD3212D69A500A98074 /* Main.storyboard */ = {
			isa = PBXVariantGroup;
			children = (
				F7599FD4212D69A500A98074 /* Base */,
			);
			name = Main.storyboard;
			sourceTree = "<group>";
		};
		F7599FD8212D69A700A98074 /* LaunchScreen.storyboard */ = {
			isa = PBXVariantGroup;
			children = (
				F7599FD9212D69A700A98074 /* Base */,
			);
			name = LaunchScreen.storyboard;
			sourceTree = "<group>";
		};
/* End PBXVariantGroup section */

/* Begin XCBuildConfiguration section */
		F7599FF4212D69A700A98074 /* Debug */ = {
			isa = XCBuildConfiguration;
			buildSettings = {
				ALWAYS_SEARCH_USER_PATHS = NO;
				CLANG_ANALYZER_NONNULL = YES;
				CLANG_ANALYZER_NUMBER_OBJECT_CONVERSION = YES_AGGRESSIVE;
				CLANG_CXX_LANGUAGE_STANDARD = "gnu++14";
				CLANG_CXX_LIBRARY = "libc++";
				CLANG_ENABLE_MODULES = YES;
				CLANG_ENABLE_OBJC_ARC = YES;
				CLANG_ENABLE_OBJC_WEAK = YES;
				CLANG_WARN_BLOCK_CAPTURE_AUTORELEASING = YES;
				CLANG_WARN_BOOL_CONVERSION = YES;
				CLANG_WARN_COMMA = YES;
				CLANG_WARN_CONSTANT_CONVERSION = YES;
				CLANG_WARN_DEPRECATED_OBJC_IMPLEMENTATIONS = YES;
				CLANG_WARN_DIRECT_OBJC_ISA_USAGE = YES_ERROR;
				CLANG_WARN_DOCUMENTATION_COMMENTS = YES;
				CLANG_WARN_EMPTY_BODY = YES;
				CLANG_WARN_ENUM_CONVERSION = YES;
				CLANG_WARN_INFINITE_RECURSION = YES;
				CLANG_WARN_INT_CONVERSION = YES;
				CLANG_WARN_NON_LITERAL_NULL_CONVERSION = YES;
				CLANG_WARN_OBJC_IMPLICIT_RETAIN_SELF = YES;
				CLANG_WARN_OBJC_LITERAL_CONVERSION = YES;
				CLANG_WARN_OBJC_ROOT_CLASS = YES_ERROR;
				CLANG_WARN_RANGE_LOOP_ANALYSIS = YES;
				CLANG_WARN_STRICT_PROTOTYPES = YES;
				CLANG_WARN_SUSPICIOUS_MOVE = YES;
				CLANG_WARN_UNGUARDED_AVAILABILITY = YES_AGGRESSIVE;
				CLANG_WARN_UNREACHABLE_CODE = YES;
				CLANG_WARN__DUPLICATE_METHOD_MATCH = YES;
				CODE_SIGN_IDENTITY = "iPhone Developer";
				COPY_PHASE_STRIP = NO;
				DEBUG_INFORMATION_FORMAT = dwarf;
				ENABLE_STRICT_OBJC_MSGSEND = YES;
				ENABLE_TESTABILITY = YES;
				GCC_C_LANGUAGE_STANDARD = gnu11;
				GCC_DYNAMIC_NO_PIC = NO;
				GCC_NO_COMMON_BLOCKS = YES;
				GCC_OPTIMIZATION_LEVEL = 0;
				GCC_PRECOMPILE_PREFIX_HEADER = YES;
				GCC_PREFIX_HEADER = TodayHotRecruit/PrivateFoundation/THRPrefixHeader.pch;
				GCC_PREPROCESSOR_DEFINITIONS = (
					"DEBUG=1",
					"$(inherited)",
				);
				GCC_WARN_64_TO_32_BIT_CONVERSION = YES;
				GCC_WARN_ABOUT_RETURN_TYPE = YES_ERROR;
				GCC_WARN_UNDECLARED_SELECTOR = YES;
				GCC_WARN_UNINITIALIZED_AUTOS = YES_AGGRESSIVE;
				GCC_WARN_UNUSED_FUNCTION = YES;
				GCC_WARN_UNUSED_VARIABLE = YES;
				IPHONEOS_DEPLOYMENT_TARGET = 11.3;
				MTL_ENABLE_DEBUG_INFO = YES;
				ONLY_ACTIVE_ARCH = YES;
				SDKROOT = iphoneos;
			};
			name = Debug;
		};
		F7599FF5212D69A700A98074 /* Release */ = {
			isa = XCBuildConfiguration;
			buildSettings = {
				ALWAYS_SEARCH_USER_PATHS = NO;
				CLANG_ANALYZER_NONNULL = YES;
				CLANG_ANALYZER_NUMBER_OBJECT_CONVERSION = YES_AGGRESSIVE;
				CLANG_CXX_LANGUAGE_STANDARD = "gnu++14";
				CLANG_CXX_LIBRARY = "libc++";
				CLANG_ENABLE_MODULES = YES;
				CLANG_ENABLE_OBJC_ARC = YES;
				CLANG_ENABLE_OBJC_WEAK = YES;
				CLANG_WARN_BLOCK_CAPTURE_AUTORELEASING = YES;
				CLANG_WARN_BOOL_CONVERSION = YES;
				CLANG_WARN_COMMA = YES;
				CLANG_WARN_CONSTANT_CONVERSION = YES;
				CLANG_WARN_DEPRECATED_OBJC_IMPLEMENTATIONS = YES;
				CLANG_WARN_DIRECT_OBJC_ISA_USAGE = YES_ERROR;
				CLANG_WARN_DOCUMENTATION_COMMENTS = YES;
				CLANG_WARN_EMPTY_BODY = YES;
				CLANG_WARN_ENUM_CONVERSION = YES;
				CLANG_WARN_INFINITE_RECURSION = YES;
				CLANG_WARN_INT_CONVERSION = YES;
				CLANG_WARN_NON_LITERAL_NULL_CONVERSION = YES;
				CLANG_WARN_OBJC_IMPLICIT_RETAIN_SELF = YES;
				CLANG_WARN_OBJC_LITERAL_CONVERSION = YES;
				CLANG_WARN_OBJC_ROOT_CLASS = YES_ERROR;
				CLANG_WARN_RANGE_LOOP_ANALYSIS = YES;
				CLANG_WARN_STRICT_PROTOTYPES = YES;
				CLANG_WARN_SUSPICIOUS_MOVE = YES;
				CLANG_WARN_UNGUARDED_AVAILABILITY = YES_AGGRESSIVE;
				CLANG_WARN_UNREACHABLE_CODE = YES;
				CLANG_WARN__DUPLICATE_METHOD_MATCH = YES;
				CODE_SIGN_IDENTITY = "iPhone Developer";
				COPY_PHASE_STRIP = NO;
				DEBUG_INFORMATION_FORMAT = "dwarf-with-dsym";
				ENABLE_NS_ASSERTIONS = NO;
				ENABLE_STRICT_OBJC_MSGSEND = YES;
				GCC_C_LANGUAGE_STANDARD = gnu11;
				GCC_NO_COMMON_BLOCKS = YES;
				GCC_PRECOMPILE_PREFIX_HEADER = YES;
				GCC_PREFIX_HEADER = TodayHotRecruit/PrivateFoundation/THRPrefixHeader.pch;
				GCC_WARN_64_TO_32_BIT_CONVERSION = YES;
				GCC_WARN_ABOUT_RETURN_TYPE = YES_ERROR;
				GCC_WARN_UNDECLARED_SELECTOR = YES;
				GCC_WARN_UNINITIALIZED_AUTOS = YES_AGGRESSIVE;
				GCC_WARN_UNUSED_FUNCTION = YES;
				GCC_WARN_UNUSED_VARIABLE = YES;
				IPHONEOS_DEPLOYMENT_TARGET = 11.3;
				MTL_ENABLE_DEBUG_INFO = NO;
				SDKROOT = iphoneos;
				VALIDATE_PRODUCT = YES;
			};
			name = Release;
		};
		F7599FF7212D69A700A98074 /* Debug */ = {
			isa = XCBuildConfiguration;
			baseConfigurationReference = DB8A18A450CDAC1214EEEDCA /* Pods-TodayHotRecruit.debug.xcconfig */;
			buildSettings = {
				ASSETCATALOG_COMPILER_APPICON_NAME = AppIcon;
				CODE_SIGN_STYLE = Automatic;
				DEVELOPMENT_TEAM = GN9RV4RK7D;
				INFOPLIST_FILE = "$(SRCROOT)/TodayHotRecruit/SupportingFiles/Info.plist";
				LD_RUNPATH_SEARCH_PATHS = (
					"$(inherited)",
					"@executable_path/Frameworks",
				);
				PRODUCT_BUNDLE_IDENTIFIER = com.zjs.666.TodayHotRecruit;
				PRODUCT_NAME = "$(TARGET_NAME)";
				TARGETED_DEVICE_FAMILY = 1;
			};
			name = Debug;
		};
		F7599FF8212D69A700A98074 /* Release */ = {
			isa = XCBuildConfiguration;
			baseConfigurationReference = 082DF9C62D69260888F1C6BD /* Pods-TodayHotRecruit.release.xcconfig */;
			buildSettings = {
				ASSETCATALOG_COMPILER_APPICON_NAME = AppIcon;
				CODE_SIGN_STYLE = Automatic;
				DEVELOPMENT_TEAM = GN9RV4RK7D;
				INFOPLIST_FILE = "$(SRCROOT)/TodayHotRecruit/SupportingFiles/Info.plist";
				LD_RUNPATH_SEARCH_PATHS = (
					"$(inherited)",
					"@executable_path/Frameworks",
				);
				PRODUCT_BUNDLE_IDENTIFIER = com.zjs.666.TodayHotRecruit;
				PRODUCT_NAME = "$(TARGET_NAME)";
				TARGETED_DEVICE_FAMILY = 1;
			};
			name = Release;
		};
		F7599FFA212D69A700A98074 /* Debug */ = {
			isa = XCBuildConfiguration;
			baseConfigurationReference = E7E5250E2B27252AD032A0E6 /* Pods-TodayHotRecruitTests.debug.xcconfig */;
			buildSettings = {
				BUNDLE_LOADER = "$(TEST_HOST)";
				CODE_SIGN_STYLE = Automatic;
				DEVELOPMENT_TEAM = GN9RV4RK7D;
				INFOPLIST_FILE = TodayHotRecruitTests/Info.plist;
				LD_RUNPATH_SEARCH_PATHS = (
					"$(inherited)",
					"@executable_path/Frameworks",
					"@loader_path/Frameworks",
				);
				PRODUCT_BUNDLE_IDENTIFIER = com.zjs.666.TodayHotRecruitTests;
				PRODUCT_NAME = "$(TARGET_NAME)";
				TARGETED_DEVICE_FAMILY = "1,2";
				TEST_HOST = "$(BUILT_PRODUCTS_DIR)/TodayHotRecruit.app/TodayHotRecruit";
			};
			name = Debug;
		};
		F7599FFB212D69A700A98074 /* Release */ = {
			isa = XCBuildConfiguration;
			baseConfigurationReference = E892E221385A515C8BA906DF /* Pods-TodayHotRecruitTests.release.xcconfig */;
			buildSettings = {
				BUNDLE_LOADER = "$(TEST_HOST)";
				CODE_SIGN_STYLE = Automatic;
				DEVELOPMENT_TEAM = GN9RV4RK7D;
				INFOPLIST_FILE = TodayHotRecruitTests/Info.plist;
				LD_RUNPATH_SEARCH_PATHS = (
					"$(inherited)",
					"@executable_path/Frameworks",
					"@loader_path/Frameworks",
				);
				PRODUCT_BUNDLE_IDENTIFIER = com.zjs.666.TodayHotRecruitTests;
				PRODUCT_NAME = "$(TARGET_NAME)";
				TARGETED_DEVICE_FAMILY = "1,2";
				TEST_HOST = "$(BUILT_PRODUCTS_DIR)/TodayHotRecruit.app/TodayHotRecruit";
			};
			name = Release;
		};
		F7599FFD212D69A700A98074 /* Debug */ = {
			isa = XCBuildConfiguration;
			baseConfigurationReference = D7B9A2DAF8FDFCE4B82C0241 /* Pods-TodayHotRecruitUITests.debug.xcconfig */;
			buildSettings = {
				CODE_SIGN_STYLE = Automatic;
				DEVELOPMENT_TEAM = GN9RV4RK7D;
				INFOPLIST_FILE = TodayHotRecruitUITests/Info.plist;
				LD_RUNPATH_SEARCH_PATHS = (
					"$(inherited)",
					"@executable_path/Frameworks",
					"@loader_path/Frameworks",
				);
				PRODUCT_BUNDLE_IDENTIFIER = com.zjs.666.TodayHotRecruitUITests;
				PRODUCT_NAME = "$(TARGET_NAME)";
				TARGETED_DEVICE_FAMILY = "1,2";
				TEST_TARGET_NAME = TodayHotRecruit;
			};
			name = Debug;
		};
		F7599FFE212D69A700A98074 /* Release */ = {
			isa = XCBuildConfiguration;
			baseConfigurationReference = FD21E05FCD6AD835CB4C1994 /* Pods-TodayHotRecruitUITests.release.xcconfig */;
			buildSettings = {
				CODE_SIGN_STYLE = Automatic;
				DEVELOPMENT_TEAM = GN9RV4RK7D;
				INFOPLIST_FILE = TodayHotRecruitUITests/Info.plist;
				LD_RUNPATH_SEARCH_PATHS = (
					"$(inherited)",
					"@executable_path/Frameworks",
					"@loader_path/Frameworks",
				);
				PRODUCT_BUNDLE_IDENTIFIER = com.zjs.666.TodayHotRecruitUITests;
				PRODUCT_NAME = "$(TARGET_NAME)";
				TARGETED_DEVICE_FAMILY = "1,2";
				TEST_TARGET_NAME = TodayHotRecruit;
			};
			name = Release;
		};
/* End XCBuildConfiguration section */

/* Begin XCConfigurationList section */
		F7599FC5212D69A500A98074 /* Build configuration list for PBXProject "TodayHotRecruit" */ = {
			isa = XCConfigurationList;
			buildConfigurations = (
				F7599FF4212D69A700A98074 /* Debug */,
				F7599FF5212D69A700A98074 /* Release */,
			);
			defaultConfigurationIsVisible = 0;
			defaultConfigurationName = Release;
		};
		F7599FF6212D69A700A98074 /* Build configuration list for PBXNativeTarget "TodayHotRecruit" */ = {
			isa = XCConfigurationList;
			buildConfigurations = (
				F7599FF7212D69A700A98074 /* Debug */,
				F7599FF8212D69A700A98074 /* Release */,
			);
			defaultConfigurationIsVisible = 0;
			defaultConfigurationName = Release;
		};
		F7599FF9212D69A700A98074 /* Build configuration list for PBXNativeTarget "TodayHotRecruitTests" */ = {
			isa = XCConfigurationList;
			buildConfigurations = (
				F7599FFA212D69A700A98074 /* Debug */,
				F7599FFB212D69A700A98074 /* Release */,
			);
			defaultConfigurationIsVisible = 0;
			defaultConfigurationName = Release;
		};
		F7599FFC212D69A700A98074 /* Build configuration list for PBXNativeTarget "TodayHotRecruitUITests" */ = {
			isa = XCConfigurationList;
			buildConfigurations = (
				F7599FFD212D69A700A98074 /* Debug */,
				F7599FFE212D69A700A98074 /* Release */,
			);
			defaultConfigurationIsVisible = 0;
			defaultConfigurationName = Release;
		};
/* End XCConfigurationList section */
	};
	rootObject = F7599FC2212D69A500A98074 /* Project object */;
}
